{
  "name": "@uiowa/uids",
  "version": "5.0.0-alpha.0",
  "lockfileVersion": 2,
  "requires": true,
  "packages": {
    "": {
      "name": "@uiowa/uids",
      "version": "5.0.0-alpha.0",
      "license": "MIT",
      "dependencies": {
        "marked": "^14.1.3"
      }
    },
    "node_modules/marked": {
      "version": "14.1.4",
      "resolved": "https://registry.npmjs.org/marked/-/marked-14.1.4.tgz",
      "integrity": "sha512-vkVZ8ONmUdPnjCKc5uTRvmkRbx4EAi2OkTOXmfTDhZz3OFqMNBM1oTTWwTr4HY4uAEojhzPf+Fy8F1DWa3Sndg==",
      "bin": {
        "marked": "bin/marked.js"
      },
      "engines": {
        "node": ">= 18"
      }
    }
  },
  "dependencies": {
    "marked": {
      "version": "14.1.4",
      "resolved": "https://registry.npmjs.org/marked/-/marked-14.1.4.tgz",
      "integrity": "sha512-vkVZ8ONmUdPnjCKc5uTRvmkRbx4EAi2OkTOXmfTDhZz3OFqMNBM1oTTWwTr4HY4uAEojhzPf+Fy8F1DWa3Sndg=="
    }
  }
}
